
Microsoft Visual Studio Solution File, Format Version 12.00
# Visual Studio Version 17
VisualStudioVersion = 17.6.33801.468
MinimumVisualStudioVersion = 10.0.40219.1
Project("{9A19103F-16F7-4668-BE54-9A1E7A4F7556}") = "CICD", "CICD.csproj", "{10176408-0378-46F3-A790-012DE2D09246}"
EndProject
Global
	GlobalSection(SolutionConfigurationPlatforms) = preSolution
		Debug|Any CPU = Debug|Any CPU
		Release|Any CPU = Release|Any CPU
	EndGlobalSection
	GlobalSection(ProjectConfigurationPlatforms) = postSolution
		{10176408-0378-46F3-A790-012DE2D09246}.Debug|Any CPU.ActiveCfg = Debug|Any CPU
		{10176408-0378-46F3-A790-012DE2D09246}.Debug|Any CPU.Build.0 = Debug|Any CPU
		{10176408-0378-46F3-A790-012DE2D09246}.Release|Any CPU.ActiveCfg = Release|Any CPU
		{10176408-0378-46F3-A790-012DE2D09246}.Release|Any CPU.Build.0 = Release|Any CPU
	EndGlobalSection
	GlobalSection(SolutionProperties) = preSolution
		HideSolutionNode = FALSE
	EndGlobalSection
	GlobalSection(ExtensibilityGlobals) = postSolution
		SolutionGuid = {D10B4503-7285-4EF2-B6A1-5B855EE4953C}
	EndGlobalSection
EndGlobal
